
Microsoft Visual Studio Solution File, Format Version 12.00
# Visual Studio 15
VisualStudioVersion = 15.0.28307.329
MinimumVisualStudioVersion = 10.0.40219.1
Project("{8BC9CEB8-8B4A-11D0-8D11-00A0C91BC942}") = "rand", "rand\rand.vcxproj", "{045356CC-7A7E-4F6F-9B8D-F000C91DEBC6}"
EndProject
Project("{8BC9CEB8-8B4A-11D0-8D11-00A0C91BC942}") = "second", "second\second.vcxproj", "{EA0D7781-59EB-4900-860A-1E2C162922D8}"
EndProject
Project("{8BC9CEB8-8B4A-11D0-8D11-00A0C91BC942}") = "delete", "delete\delete.vcxproj", "{15DC83EF-D437-4C1A-B449-20B65F1A1D41}"
EndProject
Project("{8BC9CEB8-8B4A-11D0-8D11-00A0C91BC942}") = "clock", "clock\clock.vcxproj", "{22DE64D9-DD6E-4D38-BC71-51EADD9D2E38}"
EndProject
Project("{8BC9CEB8-8B4A-11D0-8D11-00A0C91BC942}") = "MyString", "String\String.vcxproj", "{DF7382C4-0ED5-48CF-BF4B-B4CCE3A0097D}"
EndProject
Project("{8BC9CEB8-8B4A-11D0-8D11-00A0C91BC942}") = "exp", "exp\exp.vcxproj", "{6E87A3B8-2665-4BAF-8164-97AEF79C7FCE}"
EndProject
Project("{8BC9CEB8-8B4A-11D0-8D11-00A0C91BC942}") = "e3p2_OperatorOverload", "OperatorOverload\OperatorOverload.vcxproj", "{DD76396E-F80D-400B-A771-1A173910CBBD}"
EndProject
Project("{8BC9CEB8-8B4A-11D0-8D11-00A0C91BC942}") = "linkedlist", "linkedlist\linkedlist.vcxproj", "{B6EF6EBE-7FD7-49AA-B00E-3D939B47BF40}"
EndProject
Project("{8BC9CEB8-8B4A-11D0-8D11-00A0C91BC942}") = "count", "count\count.vcxproj", "{E5BD664B-0162-4A9D-B819-75AA003B701A}"
EndProject
Project("{8BC9CEB8-8B4A-11D0-8D11-00A0C91BC942}") = "fileOperate", "fileOperate\fileOperate.vcxproj", "{89C1C214-FD46-479E-BF02-EB49D5F45811}"
EndProject
Project("{8BC9CEB8-8B4A-11D0-8D11-00A0C91BC942}") = "unionFind", "unionFind\unionFind.vcxproj", "{08970472-2CFC-461D-A3E6-495B21DA3435}"
EndProject
Project("{8BC9CEB8-8B4A-11D0-8D11-00A0C91BC942}") = "Project1", "Project1\Project1.vcxproj", "{53EA2C51-297C-41BA-9876-08371CF131F7}"
EndProject
Project("{8BC9CEB8-8B4A-11D0-8D11-00A0C91BC942}") = "Project2", "Project2\Project2.vcxproj", "{9D561BEA-6349-4E3E-86CD-C9071AB66944}"
EndProject
Project("{8BC9CEB8-8B4A-11D0-8D11-00A0C91BC942}") = "tree", "tree\tree.vcxproj", "{30B45563-7F1A-4D97-B188-5515CFB972F6}"
EndProject
Project("{8BC9CEB8-8B4A-11D0-8D11-00A0C91BC942}") = "Str", "Str\Str.vcxproj", "{6BBAD2C6-3D30-4FAC-AF48-0C8170FC99C4}"
EndProject
Project("{8BC9CEB8-8B4A-11D0-8D11-00A0C91BC942}") = "Tuesday6", "Tuesday6\Tuesday6.vcxproj", "{D44B29E4-C25D-4AF5-BE82-66168766A5B7}"
EndProject
Project("{8BC9CEB8-8B4A-11D0-8D11-00A0C91BC942}") = "Thursday6", "Thursday6\Thursday6.vcxproj", "{97710261-DC08-435D-8DA7-C399AB323CE5}"
EndProject
Global
	GlobalSection(SolutionConfigurationPlatforms) = preSolution
		Debug|x64 = Debug|x64
		Debug|x86 = Debug|x86
		Release|x64 = Release|x64
		Release|x86 = Release|x86
	EndGlobalSection
	GlobalSection(ProjectConfigurationPlatforms) = postSolution
		{045356CC-7A7E-4F6F-9B8D-F000C91DEBC6}.Debug|x64.ActiveCfg = Debug|x64
		{045356CC-7A7E-4F6F-9B8D-F000C91DEBC6}.Debug|x64.Build.0 = Debug|x64
		{045356CC-7A7E-4F6F-9B8D-F000C91DEBC6}.Debug|x86.ActiveCfg = Debug|Win32
		{045356CC-7A7E-4F6F-9B8D-F000C91DEBC6}.Debug|x86.Build.0 = Debug|Win32
		{045356CC-7A7E-4F6F-9B8D-F000C91DEBC6}.Release|x64.ActiveCfg = Release|x64
		{045356CC-7A7E-4F6F-9B8D-F000C91DEBC6}.Release|x64.Build.0 = Release|x64
		{045356CC-7A7E-4F6F-9B8D-F000C91DEBC6}.Release|x86.ActiveCfg = Release|Win32
		{045356CC-7A7E-4F6F-9B8D-F000C91DEBC6}.Release|x86.Build.0 = Release|Win32
		{EA0D7781-59EB-4900-860A-1E2C162922D8}.Debug|x64.ActiveCfg = Debug|x64
		{EA0D7781-59EB-4900-860A-1E2C162922D8}.Debug|x64.Build.0 = Debug|x64
		{EA0D7781-59EB-4900-860A-1E2C162922D8}.Debug|x86.ActiveCfg = Debug|Win32
		{EA0D7781-59EB-4900-860A-1E2C162922D8}.Debug|x86.Build.0 = Debug|Win32
		{EA0D7781-59EB-4900-860A-1E2C162922D8}.Release|x64.ActiveCfg = Release|x64
		{EA0D7781-59EB-4900-860A-1E2C162922D8}.Release|x64.Build.0 = Release|x64
		{EA0D7781-59EB-4900-860A-1E2C162922D8}.Release|x86.ActiveCfg = Release|Win32
		{EA0D7781-59EB-4900-860A-1E2C162922D8}.Release|x86.Build.0 = Release|Win32
		{15DC83EF-D437-4C1A-B449-20B65F1A1D41}.Debug|x64.ActiveCfg = Debug|x64
		{15DC83EF-D437-4C1A-B449-20B65F1A1D41}.Debug|x64.Build.0 = Debug|x64
		{15DC83EF-D437-4C1A-B449-20B65F1A1D41}.Debug|x86.ActiveCfg = Debug|Win32
		{15DC83EF-D437-4C1A-B449-20B65F1A1D41}.Debug|x86.Build.0 = Debug|Win32
		{15DC83EF-D437-4C1A-B449-20B65F1A1D41}.Release|x64.ActiveCfg = Release|x64
		{15DC83EF-D437-4C1A-B449-20B65F1A1D41}.Release|x64.Build.0 = Release|x64
		{15DC83EF-D437-4C1A-B449-20B65F1A1D41}.Release|x86.ActiveCfg = Release|Win32
		{15DC83EF-D437-4C1A-B449-20B65F1A1D41}.Release|x86.Build.0 = Release|Win32
		{22DE64D9-DD6E-4D38-BC71-51EADD9D2E38}.Debug|x64.ActiveCfg = Debug|x64
		{22DE64D9-DD6E-4D38-BC71-51EADD9D2E38}.Debug|x64.Build.0 = Debug|x64
		{22DE64D9-DD6E-4D38-BC71-51EADD9D2E38}.Debug|x86.ActiveCfg = Debug|Win32
		{22DE64D9-DD6E-4D38-BC71-51EADD9D2E38}.Debug|x86.Build.0 = Debug|Win32
		{22DE64D9-DD6E-4D38-BC71-51EADD9D2E38}.Release|x64.ActiveCfg = Release|x64
		{22DE64D9-DD6E-4D38-BC71-51EADD9D2E38}.Release|x64.Build.0 = Release|x64
		{22DE64D9-DD6E-4D38-BC71-51EADD9D2E38}.Release|x86.ActiveCfg = Release|Win32
		{22DE64D9-DD6E-4D38-BC71-51EADD9D2E38}.Release|x86.Build.0 = Release|Win32
		{DF7382C4-0ED5-48CF-BF4B-B4CCE3A0097D}.Debug|x64.ActiveCfg = Debug|x64
		{DF7382C4-0ED5-48CF-BF4B-B4CCE3A0097D}.Debug|x64.Build.0 = Debug|x64
		{DF7382C4-0ED5-48CF-BF4B-B4CCE3A0097D}.Debug|x86.ActiveCfg = Debug|Win32
		{DF7382C4-0ED5-48CF-BF4B-B4CCE3A0097D}.Debug|x86.Build.0 = Debug|Win32
		{DF7382C4-0ED5-48CF-BF4B-B4CCE3A0097D}.Release|x64.ActiveCfg = Release|x64
		{DF7382C4-0ED5-48CF-BF4B-B4CCE3A0097D}.Release|x64.Build.0 = Release|x64
		{DF7382C4-0ED5-48CF-BF4B-B4CCE3A0097D}.Release|x86.ActiveCfg = Release|Win32
		{DF7382C4-0ED5-48CF-BF4B-B4CCE3A0097D}.Release|x86.Build.0 = Release|Win32
		{6E87A3B8-2665-4BAF-8164-97AEF79C7FCE}.Debug|x64.ActiveCfg = Debug|x64
		{6E87A3B8-2665-4BAF-8164-97AEF79C7FCE}.Debug|x64.Build.0 = Debug|x64
		{6E87A3B8-2665-4BAF-8164-97AEF79C7FCE}.Debug|x86.ActiveCfg = Debug|Win32
		{6E87A3B8-2665-4BAF-8164-97AEF79C7FCE}.Debug|x86.Build.0 = Debug|Win32
		{6E87A3B8-2665-4BAF-8164-97AEF79C7FCE}.Release|x64.ActiveCfg = Release|x64
		{6E87A3B8-2665-4BAF-8164-97AEF79C7FCE}.Release|x64.Build.0 = Release|x64
		{6E87A3B8-2665-4BAF-8164-97AEF79C7FCE}.Release|x86.ActiveCfg = Release|Win32
		{6E87A3B8-2665-4BAF-8164-97AEF79C7FCE}.Release|x86.Build.0 = Release|Win32
		{DD76396E-F80D-400B-A771-1A173910CBBD}.Debug|x64.ActiveCfg = Debug|x64
		{DD76396E-F80D-400B-A771-1A173910CBBD}.Debug|x64.Build.0 = Debug|x64
		{DD76396E-F80D-400B-A771-1A173910CBBD}.Debug|x86.ActiveCfg = Debug|Win32
		{DD76396E-F80D-400B-A771-1A173910CBBD}.Debug|x86.Build.0 = Debug|Win32
		{DD76396E-F80D-400B-A771-1A173910CBBD}.Release|x64.ActiveCfg = Release|x64
		{DD76396E-F80D-400B-A771-1A173910CBBD}.Release|x64.Build.0 = Release|x64
		{DD76396E-F80D-400B-A771-1A173910CBBD}.Release|x86.ActiveCfg = Release|Win32
		{DD76396E-F80D-400B-A771-1A173910CBBD}.Release|x86.Build.0 = Release|Win32
		{B6EF6EBE-7FD7-49AA-B00E-3D939B47BF40}.Debug|x64.ActiveCfg = Debug|x64
		{B6EF6EBE-7FD7-49AA-B00E-3D939B47BF40}.Debug|x64.Build.0 = Debug|x64
		{B6EF6EBE-7FD7-49AA-B00E-3D939B47BF40}.Debug|x86.ActiveCfg = Debug|Win32
		{B6EF6EBE-7FD7-49AA-B00E-3D939B47BF40}.Debug|x86.Build.0 = Debug|Win32
		{B6EF6EBE-7FD7-49AA-B00E-3D939B47BF40}.Release|x64.ActiveCfg = Release|x64
		{B6EF6EBE-7FD7-49AA-B00E-3D939B47BF40}.Release|x64.Build.0 = Release|x64
		{B6EF6EBE-7FD7-49AA-B00E-3D939B47BF40}.Release|x86.ActiveCfg = Release|Win32
		{B6EF6EBE-7FD7-49AA-B00E-3D939B47BF40}.Release|x86.Build.0 = Release|Win32
		{E5BD664B-0162-4A9D-B819-75AA003B701A}.Debug|x64.ActiveCfg = Debug|x64
		{E5BD664B-0162-4A9D-B819-75AA003B701A}.Debug|x64.Build.0 = Debug|x64
		{E5BD664B-0162-4A9D-B819-75AA003B701A}.Debug|x86.ActiveCfg = Debug|Win32
		{E5BD664B-0162-4A9D-B819-75AA003B701A}.Debug|x86.Build.0 = Debug|Win32
		{E5BD664B-0162-4A9D-B819-75AA003B701A}.Release|x64.ActiveCfg = Release|x64
		{E5BD664B-0162-4A9D-B819-75AA003B701A}.Release|x64.Build.0 = Release|x64
		{E5BD664B-0162-4A9D-B819-75AA003B701A}.Release|x86.ActiveCfg = Release|Win32
		{E5BD664B-0162-4A9D-B819-75AA003B701A}.Release|x86.Build.0 = Release|Win32
		{89C1C214-FD46-479E-BF02-EB49D5F45811}.Debug|x64.ActiveCfg = Debug|x64
		{89C1C214-FD46-479E-BF02-EB49D5F45811}.Debug|x64.Build.0 = Debug|x64
		{89C1C214-FD46-479E-BF02-EB49D5F45811}.Debug|x86.ActiveCfg = Debug|Win32
		{89C1C214-FD46-479E-BF02-EB49D5F45811}.Debug|x86.Build.0 = Debug|Win32
		{89C1C214-FD46-479E-BF02-EB49D5F45811}.Release|x64.ActiveCfg = Release|x64
		{89C1C214-FD46-479E-BF02-EB49D5F45811}.Release|x64.Build.0 = Release|x64
		{89C1C214-FD46-479E-BF02-EB49D5F45811}.Release|x86.ActiveCfg = Release|Win32
		{89C1C214-FD46-479E-BF02-EB49D5F45811}.Release|x86.Build.0 = Release|Win32
		{08970472-2CFC-461D-A3E6-495B21DA3435}.Debug|x64.ActiveCfg = Debug|x64
		{08970472-2CFC-461D-A3E6-495B21DA3435}.Debug|x64.Build.0 = Debug|x64
		{08970472-2CFC-461D-A3E6-495B21DA3435}.Debug|x86.ActiveCfg = Debug|Win32
		{08970472-2CFC-461D-A3E6-495B21DA3435}.Debug|x86.Build.0 = Debug|Win32
		{08970472-2CFC-461D-A3E6-495B21DA3435}.Release|x64.ActiveCfg = Release|x64
		{08970472-2CFC-461D-A3E6-495B21DA3435}.Release|x64.Build.0 = Release|x64
		{08970472-2CFC-461D-A3E6-495B21DA3435}.Release|x86.ActiveCfg = Release|Win32
		{08970472-2CFC-461D-A3E6-495B21DA3435}.Release|x86.Build.0 = Release|Win32
		{53EA2C51-297C-41BA-9876-08371CF131F7}.Debug|x64.ActiveCfg = Debug|x64
		{53EA2C51-297C-41BA-9876-08371CF131F7}.Debug|x64.Build.0 = Debug|x64
		{53EA2C51-297C-41BA-9876-08371CF131F7}.Debug|x86.ActiveCfg = Debug|Win32
		{53EA2C51-297C-41BA-9876-08371CF131F7}.Debug|x86.Build.0 = Debug|Win32
		{53EA2C51-297C-41BA-9876-08371CF131F7}.Release|x64.ActiveCfg = Release|x64
		{53EA2C51-297C-41BA-9876-08371CF131F7}.Release|x64.Build.0 = Release|x64
		{53EA2C51-297C-41BA-9876-08371CF131F7}.Release|x86.ActiveCfg = Release|Win32
		{53EA2C51-297C-41BA-9876-08371CF131F7}.Release|x86.Build.0 = Release|Win32
		{9D561BEA-6349-4E3E-86CD-C9071AB66944}.Debug|x64.ActiveCfg = Debug|x64
		{9D561BEA-6349-4E3E-86CD-C9071AB66944}.Debug|x64.Build.0 = Debug|x64
		{9D561BEA-6349-4E3E-86CD-C9071AB66944}.Debug|x86.ActiveCfg = Debug|Win32
		{9D561BEA-6349-4E3E-86CD-C9071AB66944}.Debug|x86.Build.0 = Debug|Win32
		{9D561BEA-6349-4E3E-86CD-C9071AB66944}.Release|x64.ActiveCfg = Release|x64
		{9D561BEA-6349-4E3E-86CD-C9071AB66944}.Release|x64.Build.0 = Release|x64
		{9D561BEA-6349-4E3E-86CD-C9071AB66944}.Release|x86.ActiveCfg = Release|Win32
		{9D561BEA-6349-4E3E-86CD-C9071AB66944}.Release|x86.Build.0 = Release|Win32
		{30B45563-7F1A-4D97-B188-5515CFB972F6}.Debug|x64.ActiveCfg = Debug|x64
		{30B45563-7F1A-4D97-B188-5515CFB972F6}.Debug|x64.Build.0 = Debug|x64
		{30B45563-7F1A-4D97-B188-5515CFB972F6}.Debug|x86.ActiveCfg = Debug|Win32
		{30B45563-7F1A-4D97-B188-5515CFB972F6}.Debug|x86.Build.0 = Debug|Win32
		{30B45563-7F1A-4D97-B188-5515CFB972F6}.Release|x64.ActiveCfg = Release|x64
		{30B45563-7F1A-4D97-B188-5515CFB972F6}.Release|x64.Build.0 = Release|x64
		{30B45563-7F1A-4D97-B188-5515CFB972F6}.Release|x86.ActiveCfg = Release|Win32
		{30B45563-7F1A-4D97-B188-5515CFB972F6}.Release|x86.Build.0 = Release|Win32
		{6BBAD2C6-3D30-4FAC-AF48-0C8170FC99C4}.Debug|x64.ActiveCfg = Debug|x64
		{6BBAD2C6-3D30-4FAC-AF48-0C8170FC99C4}.Debug|x64.Build.0 = Debug|x64
		{6BBAD2C6-3D30-4FAC-AF48-0C8170FC99C4}.Debug|x86.ActiveCfg = Debug|Win32
		{6BBAD2C6-3D30-4FAC-AF48-0C8170FC99C4}.Debug|x86.Build.0 = Debug|Win32
		{6BBAD2C6-3D30-4FAC-AF48-0C8170FC99C4}.Release|x64.ActiveCfg = Release|x64
		{6BBAD2C6-3D30-4FAC-AF48-0C8170FC99C4}.Release|x64.Build.0 = Release|x64
		{6BBAD2C6-3D30-4FAC-AF48-0C8170FC99C4}.Release|x86.ActiveCfg = Release|Win32
		{6BBAD2C6-3D30-4FAC-AF48-0C8170FC99C4}.Release|x86.Build.0 = Release|Win32
		{D44B29E4-C25D-4AF5-BE82-66168766A5B7}.Debug|x64.ActiveCfg = Debug|x64
		{D44B29E4-C25D-4AF5-BE82-66168766A5B7}.Debug|x64.Build.0 = Debug|x64
		{D44B29E4-C25D-4AF5-BE82-66168766A5B7}.Debug|x86.ActiveCfg = Debug|Win32
		{D44B29E4-C25D-4AF5-BE82-66168766A5B7}.Debug|x86.Build.0 = Debug|Win32
		{D44B29E4-C25D-4AF5-BE82-66168766A5B7}.Release|x64.ActiveCfg = Release|x64
		{D44B29E4-C25D-4AF5-BE82-66168766A5B7}.Release|x64.Build.0 = Release|x64
		{D44B29E4-C25D-4AF5-BE82-66168766A5B7}.Release|x86.ActiveCfg = Release|Win32
		{D44B29E4-C25D-4AF5-BE82-66168766A5B7}.Release|x86.Build.0 = Release|Win32
		{97710261-DC08-435D-8DA7-C399AB323CE5}.Debug|x64.ActiveCfg = Debug|x64
		{97710261-DC08-435D-8DA7-C399AB323CE5}.Debug|x64.Build.0 = Debug|x64
		{97710261-DC08-435D-8DA7-C399AB323CE5}.Debug|x86.ActiveCfg = Debug|Win32
		{97710261-DC08-435D-8DA7-C399AB323CE5}.Debug|x86.Build.0 = Debug|Win32
		{97710261-DC08-435D-8DA7-C399AB323CE5}.Release|x64.ActiveCfg = Release|x64
		{97710261-DC08-435D-8DA7-C399AB323CE5}.Release|x64.Build.0 = Release|x64
		{97710261-DC08-435D-8DA7-C399AB323CE5}.Release|x86.ActiveCfg = Release|Win32
		{97710261-DC08-435D-8DA7-C399AB323CE5}.Release|x86.Build.0 = Release|Win32
	EndGlobalSection
	GlobalSection(SolutionProperties) = preSolution
		HideSolutionNode = FALSE
	EndGlobalSection
	GlobalSection(ExtensibilityGlobals) = postSolution
		SolutionGuid = {8B541BBC-2612-449F-AF28-1331BF0847EF}
	EndGlobalSection
EndGlobal
